// !$*UTF8*$!
{
	archiveVersion = 1;
	classes = {
	};
	objectVersion = 55;
	objects = {

/* Begin PBXBuildFile section */
		07490EDF27A76DD60070BEF7 /* AppDelegate.swift in Sources */ = {isa = PBXBuildFile; fileRef = 07490EDE27A76DD60070BEF7 /* AppDelegate.swift */; };
		07490EE127A76DD60070BEF7 /* SceneDelegate.swift in Sources */ = {isa = PBXBuildFile; fileRef = 07490EE027A76DD60070BEF7 /* SceneDelegate.swift */; };
		07490EE627A76DD60070BEF7 /* Main.storyboard in Resources */ = {isa = PBXBuildFile; fileRef = 07490EE427A76DD60070BEF7 /* Main.storyboard */; };
		07490EE827A76DD70070BEF7 /* Assets.xcassets in Resources */ = {isa = PBXBuildFile; fileRef = 07490EE727A76DD70070BEF7 /* Assets.xcassets */; };
		07490EEB27A76DD70070BEF7 /* LaunchScreen.storyboard in Resources */ = {isa = PBXBuildFile; fileRef = 07490EE927A76DD70070BEF7 /* LaunchScreen.storyboard */; };
		07490EFB27A772BD0070BEF7 /* MoviesViewController.swift in Sources */ = {isa = PBXBuildFile; fileRef = 07490EFA27A772BD0070BEF7 /* MoviesViewController.swift */; };
		07490EFD27A8A9CF0070BEF7 /* MovieCell.swift in Sources */ = {isa = PBXBuildFile; fileRef = 07490EFC27A8A9CF0070BEF7 /* MovieCell.swift */; };
		07490F0027A90C930070BEF7 /* AlamofireImage in Frameworks */ = {isa = PBXBuildFile; productRef = 07490EFF27A90C930070BEF7 /* AlamofireImage */; };
		07F65C6127B497C70020FDA2 /* MovieDetailsViewController.swift in Sources */ = {isa = PBXBuildFile; fileRef = 07F65C6027B497C70020FDA2 /* MovieDetailsViewController.swift */; };
		07F65C6327B4A1C90020FDA2 /* MovieGridViewController.swift in Sources */ = {isa = PBXBuildFile; fileRef = 07F65C6227B4A1C90020FDA2 /* MovieGridViewController.swift */; };
		07F65C6527B4A52C0020FDA2 /* MovieGridCell.swift in Sources */ = {isa = PBXBuildFile; fileRef = 07F65C6427B4A52C0020FDA2 /* MovieGridCell.swift */; };
		07F65C6727B4B52F0020FDA2 /* GridDetailViewController.swift in Sources */ = {isa = PBXBuildFile; fileRef = 07F65C6627B4B52F0020FDA2 /* GridDetailViewController.swift */; };
		3359DBF7BFD0B856CB5173BE /* Pods_Flix.framework in Frameworks */ = {isa = PBXBuildFile; fileRef = 4DFD9591B3D90F36399D4F5E /* Pods_Flix.framework */; };
/* End PBXBuildFile section */

/* Begin PBXFileReference section */
		07490EDB27A76DD60070BEF7 /* Flix.app */ = {isa = PBXFileReference; explicitFileType = wrapper.application; includeInIndex = 0; path = Flix.app; sourceTree = BUILT_PRODUCTS_DIR; };
		07490EDE27A76DD60070BEF7 /* AppDelegate.swift */ = {isa = PBXFileReference; lastKnownFileType = sourcecode.swift; path = AppDelegate.swift; sourceTree = "<group>"; };
		07490EE027A76DD60070BEF7 /* SceneDelegate.swift */ = {isa = PBXFileReference; lastKnownFileType = sourcecode.swift; path = SceneDelegate.swift; sourceTree = "<group>"; };
		07490EE527A76DD60070BEF7 /* Base */ = {isa = PBXFileReference; lastKnownFileType = file.storyboard; name = Base; path = Base.lproj/Main.storyboard; sourceTree = "<group>"; };
		07490EE727A76DD70070BEF7 /* Assets.xcassets */ = {isa = PBXFileReference; lastKnownFileType = folder.assetcatalog; path = Assets.xcassets; sourceTree = "<group>"; };
		07490EEA27A76DD70070BEF7 /* Base */ = {isa = PBXFileReference; lastKnownFileType = file.storyboard; name = Base; path = Base.lproj/LaunchScreen.storyboard; sourceTree = "<group>"; };
		07490EEC27A76DD70070BEF7 /* Info.plist */ = {isa = PBXFileReference; lastKnownFileType = text.plist.xml; path = Info.plist; sourceTree = "<group>"; };
		07490EFA27A772BD0070BEF7 /* MoviesViewController.swift */ = {isa = PBXFileReference; lastKnownFileType = sourcecode.swift; path = MoviesViewController.swift; sourceTree = "<group>"; };
		07490EFC27A8A9CF0070BEF7 /* MovieCell.swift */ = {isa = PBXFileReference; lastKnownFileType = sourcecode.swift; path = MovieCell.swift; sourceTree = "<group>"; };
		07F65C6027B497C70020FDA2 /* MovieDetailsViewController.swift */ = {isa = PBXFileReference; lastKnownFileType = sourcecode.swift; path = MovieDetailsViewController.swift; sourceTree = "<group>"; };
		07F65C6227B4A1C90020FDA2 /* MovieGridViewController.swift */ = {isa = PBXFileReference; lastKnownFileType = sourcecode.swift; path = MovieGridViewController.swift; sourceTree = "<group>"; };
		07F65C6427B4A52C0020FDA2 /* MovieGridCell.swift */ = {isa = PBXFileReference; lastKnownFileType = sourcecode.swift; path = MovieGridCell.swift; sourceTree = "<group>"; };
		07F65C6627B4B52F0020FDA2 /* GridDetailViewController.swift */ = {isa = PBXFileReference; lastKnownFileType = sourcecode.swift; path = GridDetailViewController.swift; sourceTree = "<group>"; };
		4DFD9591B3D90F36399D4F5E /* Pods_Flix.framework */ = {isa = PBXFileReference; explicitFileType = wrapper.framework; includeInIndex = 0; path = Pods_Flix.framework; sourceTree = BUILT_PRODUCTS_DIR; };
		C25541B522A9517347BC8703 /* Pods-Flix.release.xcconfig */ = {isa = PBXFileReference; includeInIndex = 1; lastKnownFileType = text.xcconfig; name = "Pods-Flix.release.xcconfig"; path = "Target Support Files/Pods-Flix/Pods-Flix.release.xcconfig"; sourceTree = "<group>"; };
		FD5FB51F4B6120FB61D9B454 /* Pods-Flix.debug.xcconfig */ = {isa = PBXFileReference; includeInIndex = 1; lastKnownFileType = text.xcconfig; name = "Pods-Flix.debug.xcconfig"; path = "Target Support Files/Pods-Flix/Pods-Flix.debug.xcconfig"; sourceTree = "<group>"; };
/* End PBXFileReference section */

/* Begin PBXFrameworksBuildPhase section */
		07490ED827A76DD60070BEF7 /* Frameworks */ = {
			isa = PBXFrameworksBuildPhase;
			buildActionMask = 2147483647;
			files = (
				07490F0027A90C930070BEF7 /* AlamofireImage in Frameworks */,
				3359DBF7BFD0B856CB5173BE /* Pods_Flix.framework in Frameworks */,
			);
			runOnlyForDeploymentPostprocessing = 0;
		};
/* End PBXFrameworksBuildPhase section */

/* Begin PBXGroup section */
		07490ED227A76DD60070BEF7 = {
			isa = PBXGroup;
			children = (
				07490EDD27A76DD60070BEF7 /* Flix */,
				07490EDC27A76DD60070BEF7 /* Products */,
				D90F7BA2C418F89899D99644 /* Pods */,
				24063F79F6EC8DCB41F635E1 /* Frameworks */,
			);
			sourceTree = "<group>";
		};
		07490EDC27A76DD60070BEF7 /* Products */ = {
			isa = PBXGroup;
			children = (
				07490EDB27A76DD60070BEF7 /* Flix.app */,
			);
			name = Products;
			sourceTree = "<group>";
		};
		07490EDD27A76DD60070BEF7 /* Flix */ = {
			isa = PBXGroup;
			children = (
				07490EDE27A76DD60070BEF7 /* AppDelegate.swift */,
				07490EE027A76DD60070BEF7 /* SceneDelegate.swift */,
				07490EFA27A772BD0070BEF7 /* MoviesViewController.swift */,
				07F65C6027B497C70020FDA2 /* MovieDetailsViewController.swift */,
				07490EFC27A8A9CF0070BEF7 /* MovieCell.swift */,
				07F65C6427B4A52C0020FDA2 /* MovieGridCell.swift */,
				07F65C6227B4A1C90020FDA2 /* MovieGridViewController.swift */,
				07F65C6627B4B52F0020FDA2 /* GridDetailViewController.swift */,
				07490EE427A76DD60070BEF7 /* Main.storyboard */,
				07490EE727A76DD70070BEF7 /* Assets.xcassets */,
				07490EE927A76DD70070BEF7 /* LaunchScreen.storyboard */,
				07490EEC27A76DD70070BEF7 /* Info.plist */,
			);
			path = Flix;
			sourceTree = "<group>";
		};
		24063F79F6EC8DCB41F635E1 /* Frameworks */ = {
			isa = PBXGroup;
			children = (
				4DFD9591B3D90F36399D4F5E /* Pods_Flix.framework */,
			);
			name = Frameworks;
			sourceTree = "<group>";
		};
		D90F7BA2C418F89899D99644 /* Pods */ = {
			isa = PBXGroup;
			children = (
				FD5FB51F4B6120FB61D9B454 /* Pods-Flix.debug.xcconfig */,
				C25541B522A9517347BC8703 /* Pods-Flix.release.xcconfig */,
			);
			path = Pods;
			sourceTree = "<group>";
		};
/* End PBXGroup section */

/* Begin PBXNativeTarget section */
		07490EDA27A76DD60070BEF7 /* Flix */ = {
			isa = PBXNativeTarget;
			buildConfigurationList = 07490EEF27A76DD70070BEF7 /* Build configuration list for PBXNativeTarget "Flix" */;
			buildPhases = (
				C2F87A00BF5F292810472843 /* [CP] Check Pods Manifest.lock */,
				07490ED727A76DD60070BEF7 /* Sources */,
				07490ED827A76DD60070BEF7 /* Frameworks */,
				07490ED927A76DD60070BEF7 /* Resources */,
				34DF8DE4B4343D2C8F255C1A /* [CP] Embed Pods Frameworks */,
			);
			buildRules = (
			);
			dependencies = (
			);
			name = Flix;
			packageProductDependencies = (
				07490EFF27A90C930070BEF7 /* AlamofireImage */,
			);
			productName = Flix;
			productReference = 07490EDB27A76DD60070BEF7 /* Flix.app */;
			productType = "com.apple.product-type.application";
		};
/* End PBXNativeTarget section */

/* Begin PBXProject section */
		07490ED327A76DD60070BEF7 /* Project object */ = {
			isa = PBXProject;
			attributes = {
				BuildIndependentTargetsInParallel = 1;
				LastSwiftUpdateCheck = 1320;
				LastUpgradeCheck = 1320;
				TargetAttributes = {
					07490EDA27A76DD60070BEF7 = {
						CreatedOnToolsVersion = 13.2.1;
					};
				};
			};
			buildConfigurationList = 07490ED627A76DD60070BEF7 /* Build configuration list for PBXProject "Flix" */;
			compatibilityVersion = "Xcode 13.0";
			developmentRegion = en;
			hasScannedForEncodings = 0;
			knownRegions = (
				en,
				Base,
			);
			mainGroup = 07490ED227A76DD60070BEF7;
			packageReferences = (
				07490EFE27A90C930070BEF7 /* XCRemoteSwiftPackageReference "AlamofireImage" */,
			);
			productRefGroup = 07490EDC27A76DD60070BEF7 /* Products */;
			projectDirPath = "";
			projectRoot = "";
			targets = (
				07490EDA27A76DD60070BEF7 /* Flix */,
			);
		};
/* End PBXProject section */

/* Begin PBXResourcesBuildPhase section */
		07490ED927A76DD60070BEF7 /* Resources */ = {
			isa = PBXResourcesBuildPhase;
			buildActionMask = 2147483647;
			files = (
				07490EEB27A76DD70070BEF7 /* LaunchScreen.storyboard in Resources */,
				07490EE827A76DD70070BEF7 /* Assets.xcassets in Resources */,
				07490EE627A76DD60070BEF7 /* Main.storyboard in Resources */,
			);
			runOnlyForDeploymentPostprocessing = 0;
		};
/* End PBXResourcesBuildPhase section */

/* Begin PBXShellScriptBuildPhase section */
		34DF8DE4B4343D2C8F255C1A /* [CP] Embed Pods Frameworks */ = {
			isa = PBXShellScriptBuildPhase;
			buildActionMask = 2147483647;
			files = (
			);
			inputFileListPaths = (
				"${PODS_ROOT}/Target Support Files/Pods-Flix/Pods-Flix-frameworks-${CONFIGURATION}-input-files.xcfilelist",
			);
			name = "[CP] Embed Pods Frameworks";
			outputFileListPaths = (
				"${PODS_ROOT}/Target Support Files/Pods-Flix/Pods-Flix-frameworks-${CONFIGURATION}-output-files.xcfilelist",
			);
			runOnlyForDeploymentPostprocessing = 0;
			shellPath = /bin/sh;
			shellScript = "\"${PODS_ROOT}/Target Support Files/Pods-Flix/Pods-Flix-frameworks.sh\"\n";
			showEnvVarsInLog = 0;
		};
		C2F87A00BF5F292810472843 /* [CP] Check Pods Manifest.lock */ = {
			isa = PBXShellScriptBuildPhase;
			buildActionMask = 2147483647;
			files = (
			);
			inputFileListPaths = (
			);
			inputPaths = (
				"${PODS_PODFILE_DIR_PATH}/Podfile.lock",
				"${PODS_ROOT}/Manifest.lock",
			);
			name = "[CP] Check Pods Manifest.lock";
			outputFileListPaths = (
			);
			outputPaths = (
				"$(DERIVED_FILE_DIR)/Pods-Flix-checkManifestLockResult.txt",
			);
			runOnlyForDeploymentPostprocessing = 0;
			shellPath = /bin/sh;
			shellScript = "diff \"${PODS_PODFILE_DIR_PATH}/Podfile.lock\" \"${PODS_ROOT}/Manifest.lock\" > /dev/null\nif [ $? != 0 ] ; then\n    # print error to STDERR\n    echo \"error: The sandbox is not in sync with the Podfile.lock. Run 'pod install' or update your CocoaPods installation.\" >&2\n    exit 1\nfi\n# This output is used by Xcode 'outputs' to avoid re-running this script phase.\necho \"SUCCESS\" > \"${SCRIPT_OUTPUT_FILE_0}\"\n";
			showEnvVarsInLog = 0;
		};
/* End PBXShellScriptBuildPhase section */

/* Begin PBXSourcesBuildPhase section */
		07490ED727A76DD60070BEF7 /* Sources */ = {
			isa = PBXSourcesBuildPhase;
			buildActionMask = 2147483647;
			files = (
				07F65C6127B497C70020FDA2 /* MovieDetailsViewController.swift in Sources */,
				07F65C6727B4B52F0020FDA2 /* GridDetailViewController.swift in Sources */,
				07490EDF27A76DD60070BEF7 /* AppDelegate.swift in Sources */,
				07490EE127A76DD60070BEF7 /* SceneDelegate.swift in Sources */,
				07490EFD27A8A9CF0070BEF7 /* MovieCell.swift in Sources */,
				07490EFB27A772BD0070BEF7 /* MoviesViewController.swift in Sources */,
				07F65C6327B4A1C90020FDA2 /* MovieGridViewController.swift in Sources */,
				07F65C6527B4A52C0020FDA2 /* MovieGridCell.swift in Sources */,
			);
			runOnlyForDeploymentPostprocessing = 0;
		};
/* End PBXSourcesBuildPhase section */

/* Begin PBXVariantGroup section */
		07490EE427A76DD60070BEF7 /* Main.storyboard */ = {
			isa = PBXVariantGroup;
			children = (
				07490EE527A76DD60070BEF7 /* Base */,
			);
			name = Main.storyboard;
			sourceTree = "<group>";
		};
		07490EE927A76DD70070BEF7 /* LaunchScreen.storyboard */ = {
			isa = PBXVariantGroup;
			children = (
				07490EEA27A76DD70070BEF7 /* Base */,
			);
			name = LaunchScreen.storyboard;
			sourceTree = "<group>";
		};
/* End PBXVariantGroup section */

/* Begin XCBuildConfiguration section */
		07490EED27A76DD70070BEF7 /* Debug */ = {
			isa = XCBuildConfiguration;
			buildSettings = {
				ALWAYS_SEARCH_USER_PATHS = NO;
				CLANG_ANALYZER_NONNULL = YES;
				CLANG_ANALYZER_NUMBER_OBJECT_CONVERSION = YES_AGGRESSIVE;
				CLANG_CXX_LANGUAGE_STANDARD = "gnu++17";
				CLANG_CXX_LIBRARY = "libc++";
				CLANG_ENABLE_MODULES = YES;
				CLANG_ENABLE_OBJC_ARC = YES;
				CLANG_ENABLE_OBJC_WEAK = YES;
				CLANG_WARN_BLOCK_CAPTURE_AUTORELEASING = YES;
				CLANG_WARN_BOOL_CONVERSION = YES;
				CLANG_WARN_COMMA = YES;
				CLANG_WARN_CONSTANT_CONVERSION = YES;
				CLANG_WARN_DEPRECATED_OBJC_IMPLEMENTATIONS = YES;
				CLANG_WARN_DIRECT_OBJC_ISA_USAGE = YES_ERROR;
				CLANG_WARN_DOCUMENTATION_COMMENTS = YES;
				CLANG_WARN_EMPTY_BODY = YES;
				CLANG_WARN_ENUM_CONVERSION = YES;
				CLANG_WARN_INFINITE_RECURSION = YES;
				CLANG_WARN_INT_CONVERSION = YES;
				CLANG_WARN_NON_LITERAL_NULL_CONVERSION = YES;
				CLANG_WARN_OBJC_IMPLICIT_RETAIN_SELF = YES;
				CLANG_WARN_OBJC_LITERAL_CONVERSION = YES;
				CLANG_WARN_OBJC_ROOT_CLASS = YES_ERROR;
				CLANG_WARN_QUOTED_INCLUDE_IN_FRAMEWORK_HEADER = YES;
				CLANG_WARN_RANGE_LOOP_ANALYSIS = YES;
				CLANG_WARN_STRICT_PROTOTYPES = YES;
				CLANG_WARN_SUSPICIOUS_MOVE = YES;
				CLANG_WARN_UNGUARDED_AVAILABILITY = YES_AGGRESSIVE;
				CLANG_WARN_UNREACHABLE_CODE = YES;
				CLANG_WARN__DUPLICATE_METHOD_MATCH = YES;
				COPY_PHASE_STRIP = NO;
				DEBUG_INFORMATION_FORMAT = dwarf;
				ENABLE_STRICT_OBJC_MSGSEND = YES;
				ENABLE_TESTABILITY = YES;
				GCC_C_LANGUAGE_STANDARD = gnu11;
				GCC_DYNAMIC_NO_PIC = NO;
				GCC_NO_COMMON_BLOCKS = YES;
				GCC_OPTIMIZATION_LEVEL = 0;
				GCC_PREPROCESSOR_DEFINITIONS = (
					"DEBUG=1",
					"$(inherited)",
				);
				GCC_WARN_64_TO_32_BIT_CONVERSION = YES;
				GCC_WARN_ABOUT_RETURN_TYPE = YES_ERROR;
				GCC_WARN_UNDECLARED_SELECTOR = YES;
				GCC_WARN_UNINITIALIZED_AUTOS = YES_AGGRESSIVE;
				GCC_WARN_UNUSED_FUNCTION = YES;
				GCC_WARN_UNUSED_VARIABLE = YES;
				IPHONEOS_DEPLOYMENT_TARGET = 15.2;
				MTL_ENABLE_DEBUG_INFO = INCLUDE_SOURCE;
				MTL_FAST_MATH = YES;
				ONLY_ACTIVE_ARCH = YES;
				SDKROOT = iphoneos;
				SWIFT_ACTIVE_COMPILATION_CONDITIONS = DEBUG;
				SWIFT_OPTIMIZATION_LEVEL = "-Onone";
			};
			name = Debug;
		};
		07490EEE27A76DD70070BEF7 /* Release */ = {
			isa = XCBuildConfiguration;
			buildSettings = {
				ALWAYS_SEARCH_USER_PATHS = NO;
				CLANG_ANALYZER_NONNULL = YES;
				CLANG_ANALYZER_NUMBER_OBJECT_CONVERSION = YES_AGGRESSIVE;
				CLANG_CXX_LANGUAGE_STANDARD = "gnu++17";
				CLANG_CXX_LIBRARY = "libc++";
				CLANG_ENABLE_MODULES = YES;
				CLANG_ENABLE_OBJC_ARC = YES;
				CLANG_ENABLE_OBJC_WEAK = YES;
				CLANG_WARN_BLOCK_CAPTURE_AUTORELEASING = YES;
				CLANG_WARN_BOOL_CONVERSION = YES;
				CLANG_WARN_COMMA = YES;
				CLANG_WARN_CONSTANT_CONVERSION = YES;
				CLANG_WARN_DEPRECATED_OBJC_IMPLEMENTATIONS = YES;
				CLANG_WARN_DIRECT_OBJC_ISA_USAGE = YES_ERROR;
				CLANG_WARN_DOCUMENTATION_COMMENTS = YES;
				CLANG_WARN_EMPTY_BODY = YES;
				CLANG_WARN_ENUM_CONVERSION = YES;
				CLANG_WARN_INFINITE_RECURSION = YES;
				CLANG_WARN_INT_CONVERSION = YES;
				CLANG_WARN_NON_LITERAL_NULL_CONVERSION = YES;
				CLANG_WARN_OBJC_IMPLICIT_RETAIN_SELF = YES;
				CLANG_WARN_OBJC_LITERAL_CONVERSION = YES;
				CLANG_WARN_OBJC_ROOT_CLASS = YES_ERROR;
				CLANG_WARN_QUOTED_INCLUDE_IN_FRAMEWORK_HEADER = YES;
				CLANG_WARN_RANGE_LOOP_ANALYSIS = YES;
				CLANG_WARN_STRICT_PROTOTYPES = YES;
				CLANG_WARN_SUSPICIOUS_MOVE = YES;
				CLANG_WARN_UNGUARDED_AVAILABILITY = YES_AGGRESSIVE;
				CLANG_WARN_UNREACHABLE_CODE = YES;
				CLANG_WARN__DUPLICATE_METHOD_MATCH = YES;
				COPY_PHASE_STRIP = NO;
				DEBUG_INFORMATION_FORMAT = "dwarf-with-dsym";
				ENABLE_NS_ASSERTIONS = NO;
				ENABLE_STRICT_OBJC_MSGSEND = YES;
				GCC_C_LANGUAGE_STANDARD = gnu11;
				GCC_NO_COMMON_BLOCKS = YES;
				GCC_WARN_64_TO_32_BIT_CONVERSION = YES;
				GCC_WARN_ABOUT_RETURN_TYPE = YES_ERROR;
				GCC_WARN_UNDECLARED_SELECTOR = YES;
				GCC_WARN_UNINITIALIZED_AUTOS = YES_AGGRESSIVE;
				GCC_WARN_UNUSED_FUNCTION = YES;
				GCC_WARN_UNUSED_VARIABLE = YES;
				IPHONEOS_DEPLOYMENT_TARGET = 15.2;
				MTL_ENABLE_DEBUG_INFO = NO;
				MTL_FAST_MATH = YES;
				SDKROOT = iphoneos;
				SWIFT_COMPILATION_MODE = wholemodule;
				SWIFT_OPTIMIZATION_LEVEL = "-O";
				VALIDATE_PRODUCT = YES;
			};
			name = Release;
		};
		07490EF027A76DD70070BEF7 /* Debug */ = {
			isa = XCBuildConfiguration;
			baseConfigurationReference = FD5FB51F4B6120FB61D9B454 /* Pods-Flix.debug.xcconfig */;
			buildSettings = {
				ASSETCATALOG_COMPILER_APPICON_NAME = AppIcon;
				ASSETCATALOG_COMPILER_GLOBAL_ACCENT_COLOR_NAME = AccentColor;
				CODE_SIGN_STYLE = Automatic;
				CURRENT_PROJECT_VERSION = 1;
				DEVELOPMENT_TEAM = VG974AQ6SW;
				GENERATE_INFOPLIST_FILE = YES;
				INFOPLIST_FILE = Flix/Info.plist;
				INFOPLIST_KEY_UIApplicationSupportsIndirectInputEvents = YES;
				INFOPLIST_KEY_UILaunchStoryboardName = LaunchScreen;
				INFOPLIST_KEY_UIMainStoryboardFile = Main;
				INFOPLIST_KEY_UISupportedInterfaceOrientations_iPad = "UIInterfaceOrientationPortrait UIInterfaceOrientationPortraitUpsideDown UIInterfaceOrientationLandscapeLeft UIInterfaceOrientationLandscapeRight";
				INFOPLIST_KEY_UISupportedInterfaceOrientations_iPhone = "UIInterfaceOrientationPortrait UIInterfaceOrientationLandscapeLeft UIInterfaceOrientationLandscapeRight";
				LD_RUNPATH_SEARCH_PATHS = (
					"$(inherited)",
					"@executable_path/Frameworks",
				);
				MARKETING_VERSION = 1.0;
				PRODUCT_BUNDLE_IDENTIFIER = com.carlosenrique7.Flix;
				PRODUCT_NAME = "$(TARGET_NAME)";
				SWIFT_EMIT_LOC_STRINGS = YES;
				SWIFT_VERSION = 5.0;
				TARGETED_DEVICE_FAMILY = "1,2";
			};
			name = Debug;
		};
		07490EF127A76DD70070BEF7 /* Release */ = {
			isa = XCBuildConfiguration;
			baseConfigurationReference = C25541B522A9517347BC8703 /* Pods-Flix.release.xcconfig */;
			buildSettings = {
				ASSETCATALOG_COMPILER_APPICON_NAME = AppIcon;
				ASSETCATALOG_COMPILER_GLOBAL_ACCENT_COLOR_NAME = AccentColor;
				CODE_SIGN_STYLE = Automatic;
				CURRENT_PROJECT_VERSION = 1;
				DEVELOPMENT_TEAM = VG974AQ6SW;
				GENERATE_INFOPLIST_FILE = YES;
				INFOPLIST_FILE = Flix/Info.plist;
				INFOPLIST_KEY_UIApplicationSupportsIndirectInputEvents = YES;
				INFOPLIST_KEY_UILaunchStoryboardName = LaunchScreen;
				INFOPLIST_KEY_UIMainStoryboardFile = Main;
				INFOPLIST_KEY_UISupportedInterfaceOrientations_iPad = "UIInterfaceOrientationPortrait UIInterfaceOrientationPortraitUpsideDown UIInterfaceOrientationLandscapeLeft UIInterfaceOrientationLandscapeRight";
				INFOPLIST_KEY_UISupportedInterfaceOrientations_iPhone = "UIInterfaceOrientationPortrait UIInterfaceOrientationLandscapeLeft UIInterfaceOrientationLandscapeRight";
				LD_RUNPATH_SEARCH_PATHS = (
					"$(inherited)",
					"@executable_path/Frameworks",
				);
				MARKETING_VERSION = 1.0;
				PRODUCT_BUNDLE_IDENTIFIER = com.carlosenrique7.Flix;
				PRODUCT_NAME = "$(TARGET_NAME)";
				SWIFT_EMIT_LOC_STRINGS = YES;
				SWIFT_VERSION = 5.0;
				TARGETED_DEVICE_FAMILY = "1,2";
			};
			name = Release;
		};
/* End XCBuildConfiguration section */

/* Begin XCConfigurationList section */
		07490ED627A76DD60070BEF7 /* Build configuration list for PBXProject "Flix" */ = {
			isa = XCConfigurationList;
			buildConfigurations = (
				07490EED27A76DD70070BEF7 /* Debug */,
				07490EEE27A76DD70070BEF7 /* Release */,
			);
			defaultConfigurationIsVisible = 0;
			defaultConfigurationName = Release;
		};
		07490EEF27A76DD70070BEF7 /* Build configuration list for PBXNativeTarget "Flix" */ = {
			isa = XCConfigurationList;
			buildConfigurations = (
				07490EF027A76DD70070BEF7 /* Debug */,
				07490EF127A76DD70070BEF7 /* Release */,
			);
			defaultConfigurationIsVisible = 0;
			defaultConfigurationName = Release;
		};
/* End XCConfigurationList section */

/* Begin XCRemoteSwiftPackageReference section */
		07490EFE27A90C930070BEF7 /* XCRemoteSwiftPackageReference "AlamofireImage" */ = {
			isa = XCRemoteSwiftPackageReference;
			repositoryURL = "https://github.com/Alamofire/AlamofireImage";
			requirement = {
				kind = upToNextMajorVersion;
				minimumVersion = 4.0.0;
			};
		};
/* End XCRemoteSwiftPackageReference section */

/* Begin XCSwiftPackageProductDependency section */
		07490EFF27A90C930070BEF7 /* AlamofireImage */ = {
			isa = XCSwiftPackageProductDependency;
			package = 07490EFE27A90C930070BEF7 /* XCRemoteSwiftPackageReference "AlamofireImage" */;
			productName = AlamofireImage;
		};
/* End XCSwiftPackageProductDependency section */
	};
	rootObject = 07490ED327A76DD60070BEF7 /* Project object */;
}
